// !$*UTF8*$!
{
	archiveVersion = 1;
	classes = {
	};
	objectVersion = 46;
	objects = {

/* Begin PBXBuildFile section */
		BFB7E8A61763059D00BCBCDE /* UIKit.framework in Frameworks */ = {isa = PBXBuildFile; fileRef = BFB7E8A51763059D00BCBCDE /* UIKit.framework */; };
		BFB7E8A81763059D00BCBCDE /* Foundation.framework in Frameworks */ = {isa = PBXBuildFile; fileRef = BFB7E8A71763059D00BCBCDE /* Foundation.framework */; };
		BFB7E8AA1763059D00BCBCDE /* CoreGraphics.framework in Frameworks */ = {isa = PBXBuildFile; fileRef = BFB7E8A91763059D00BCBCDE /* CoreGraphics.framework */; };
		BFB7E8B01763059D00BCBCDE /* InfoPlist.strings in Resources */ = {isa = PBXBuildFile; fileRef = BFB7E8AE1763059D00BCBCDE /* InfoPlist.strings */; };
		BFB7E8B21763059D00BCBCDE /* main.m in Sources */ = {isa = PBXBuildFile; fileRef = BFB7E8B11763059D00BCBCDE /* main.m */; };
		BFB7E8B61763059D00BCBCDE /* AppDelegate.m in Sources */ = {isa = PBXBuildFile; fileRef = BFB7E8B51763059D00BCBCDE /* AppDelegate.m */; };
		BFB7E8B81763059D00BCBCDE /* Default.png in Resources */ = {isa = PBXBuildFile; fileRef = BFB7E8B71763059D00BCBCDE /* Default.png */; };
		BFB7E8BA1763059D00BCBCDE /* Default@2x.png in Resources */ = {isa = PBXBuildFile; fileRef = BFB7E8B91763059D00BCBCDE /* Default@2x.png */; };
		BFB7E8BC1763059D00BCBCDE /* Default-568h@2x.png in Resources */ = {isa = PBXBuildFile; fileRef = BFB7E8BB1763059D00BCBCDE /* Default-568h@2x.png */; };
		BFB7E8BF1763059D00BCBCDE /* MainStoryboard.storyboard in Resources */ = {isa = PBXBuildFile; fileRef = BFB7E8BD1763059D00BCBCDE /* MainStoryboard.storyboard */; };
		BFB7E8C21763059D00BCBCDE /* ViewController.m in Sources */ = {isa = PBXBuildFile; fileRef = BFB7E8C11763059D00BCBCDE /* ViewController.m */; };
/* End PBXBuildFile section */

/* Begin PBXFileReference section */
		BFB7E8A21763059D00BCBCDE /* ScratchWithError.app */ = {isa = PBXFileReference; explicitFileType = wrapper.application; includeInIndex = 0; path = ScratchWithError.app; sourceTree = BUILT_PRODUCTS_DIR; };
		BFB7E8A51763059D00BCBCDE /* UIKit.framework */ = {isa = PBXFileReference; lastKnownFileType = wrapper.framework; name = UIKit.framework; path = System/Library/Frameworks/UIKit.framework; sourceTree = SDKROOT; };
		BFB7E8A71763059D00BCBCDE /* Foundation.framework */ = {isa = PBXFileReference; lastKnownFileType = wrapper.framework; name = Foundation.framework; path = System/Library/Frameworks/Foundation.framework; sourceTree = SDKROOT; };
		BFB7E8A91763059D00BCBCDE /* CoreGraphics.framework */ = {isa = PBXFileReference; lastKnownFileType = wrapper.framework; name = CoreGraphics.framework; path = System/Library/Frameworks/CoreGraphics.framework; sourceTree = SDKROOT; };
		BFB7E8AD1763059D00BCBCDE /* ScratchWithError-Info.plist */ = {isa = PBXFileReference; lastKnownFileType = text.plist.xml; path = "ScratchWithError-Info.plist"; sourceTree = "<group>"; };
		BFB7E8AF1763059D00BCBCDE /* en */ = {isa = PBXFileReference; lastKnownFileType = text.plist.strings; name = en; path = en.lproj/InfoPlist.strings; sourceTree = "<group>"; };
		BFB7E8B11763059D00BCBCDE /* main.m */ = {isa = PBXFileReference; lastKnownFileType = sourcecode.c.objc; path = main.m; sourceTree = "<group>"; };
		BFB7E8B31763059D00BCBCDE /* ScratchWithError-Prefix.pch */ = {isa = PBXFileReference; lastKnownFileType = sourcecode.c.h; path = "ScratchWithError-Prefix.pch"; sourceTree = "<group>"; };
		BFB7E8B41763059D00BCBCDE /* AppDelegate.h */ = {isa = PBXFileReference; lastKnownFileType = sourcecode.c.h; path = AppDelegate.h; sourceTree = "<group>"; };
		BFB7E8B51763059D00BCBCDE /* AppDelegate.m */ = {isa = PBXFileReference; lastKnownFileType = sourcecode.c.objc; path = AppDelegate.m; sourceTree = "<group>"; };
		BFB7E8B71763059D00BCBCDE /* Default.png */ = {isa = PBXFileReference; lastKnownFileType = image.png; path = Default.png; sourceTree = "<group>"; };
		BFB7E8B91763059D00BCBCDE /* Default@2x.png */ = {isa = PBXFileReference; lastKnownFileType = image.png; path = "Default@2x.png"; sourceTree = "<group>"; };
		BFB7E8BB1763059D00BCBCDE /* Default-568h@2x.png */ = {isa = PBXFileReference; lastKnownFileType = image.png; path = "Default-568h@2x.png"; sourceTree = "<group>"; };
		BFB7E8BE1763059D00BCBCDE /* en */ = {isa = PBXFileReference; lastKnownFileType = file.storyboard; name = en; path = en.lproj/MainStoryboard.storyboard; sourceTree = "<group>"; };
		BFB7E8C01763059D00BCBCDE /* ViewController.h */ = {isa = PBXFileReference; lastKnownFileType = sourcecode.c.h; path = ViewController.h; sourceTree = "<group>"; };
		BFB7E8C11763059D00BCBCDE /* ViewController.m */ = {isa = PBXFileReference; lastKnownFileType = sourcecode.c.objc; path = ViewController.m; sourceTree = "<group>"; };
/* End PBXFileReference section */

/* Begin PBXFrameworksBuildPhase section */
		BFB7E89F1763059D00BCBCDE /* Frameworks */ = {
			isa = PBXFrameworksBuildPhase;
			buildActionMask = 2147483647;
			files = (
				BFB7E8A61763059D00BCBCDE /* UIKit.framework in Frameworks */,
				BFB7E8A81763059D00BCBCDE /* Foundation.framework in Frameworks */,
				BFB7E8AA1763059D00BCBCDE /* CoreGraphics.framework in Frameworks */,
			);
			runOnlyForDeploymentPostprocessing = 0;
		};
/* End PBXFrameworksBuildPhase section */

/* Begin PBXGroup section */
		BFB7E8991763059D00BCBCDE = {
			isa = PBXGroup;
			children = (
				BFB7E8AB1763059D00BCBCDE /* ScratchWithError */,
				BFB7E8A41763059D00BCBCDE /* Frameworks */,
				BFB7E8A31763059D00BCBCDE /* Products */,
			);
			sourceTree = "<group>";
		};
		BFB7E8A31763059D00BCBCDE /* Products */ = {
			isa = PBXGroup;
			children = (
				BFB7E8A21763059D00BCBCDE /* ScratchWithError.app */,
			);
			name = Products;
			sourceTree = "<group>";
		};
		BFB7E8A41763059D00BCBCDE /* Frameworks */ = {
			isa = PBXGroup;
			children = (
				BFB7E8A51763059D00BCBCDE /* UIKit.framework */,
				BFB7E8A71763059D00BCBCDE /* Foundation.framework */,
				BFB7E8A91763059D00BCBCDE /* CoreGraphics.framework */,
			);
			name = Frameworks;
			sourceTree = "<group>";
		};
		BFB7E8AB1763059D00BCBCDE /* ScratchWithError */ = {
			isa = PBXGroup;
			children = (
				BFB7E8B41763059D00BCBCDE /* AppDelegate.h */,
				BFB7E8B51763059D00BCBCDE /* AppDelegate.m */,
				BFB7E8BD1763059D00BCBCDE /* MainStoryboard.storyboard */,
				BFB7E8C01763059D00BCBCDE /* ViewController.h */,
				BFB7E8C11763059D00BCBCDE /* ViewController.m */,
				BFB7E8AC1763059D00BCBCDE /* Supporting Files */,
			);
			path = ScratchWithError;
			sourceTree = "<group>";
		};
		BFB7E8AC1763059D00BCBCDE /* Supporting Files */ = {
			isa = PBXGroup;
			children = (
				BFB7E8AD1763059D00BCBCDE /* ScratchWithError-Info.plist */,
				BFB7E8AE1763059D00BCBCDE /* InfoPlist.strings */,
				BFB7E8B11763059D00BCBCDE /* main.m */,
				BFB7E8B31763059D00BCBCDE /* ScratchWithError-Prefix.pch */,
				BFB7E8B71763059D00BCBCDE /* Default.png */,
				BFB7E8B91763059D00BCBCDE /* Default@2x.png */,
				BFB7E8BB1763059D00BCBCDE /* Default-568h@2x.png */,
			);
			name = "Supporting Files";
			sourceTree = "<group>";
		};
/* End PBXGroup section */

/* Begin PBXNativeTarget section */
		BFB7E8A11763059D00BCBCDE /* ScratchWithError */ = {
			isa = PBXNativeTarget;
			buildConfigurationList = BFB7E8C51763059D00BCBCDE /* Build configuration list for PBXNativeTarget "ScratchWithError" */;
			buildPhases = (
				BFB7E89E1763059D00BCBCDE /* Sources */,
				BFB7E89F1763059D00BCBCDE /* Frameworks */,
				BFB7E8A01763059D00BCBCDE /* Resources */,
			);
			buildRules = (
			);
			dependencies = (
			);
			name = ScratchWithError;
			productName = ScratchWithError;
			productReference = BFB7E8A21763059D00BCBCDE /* ScratchWithError.app */;
			productType = "com.apple.product-type.application";
		};
/* End PBXNativeTarget section */

/* Begin PBXProject section */
		BFB7E89A1763059D00BCBCDE /* Project object */ = {
			isa = PBXProject;
			attributes = {
				LastUpgradeCheck = 0460;
				ORGANIZATIONNAME = "Huan Lin";
			};
			buildConfigurationList = BFB7E89D1763059D00BCBCDE /* Build configuration list for PBXProject "ScratchWithError" */;
			compatibilityVersion = "Xcode 3.2";
			developmentRegion = English;
			hasScannedForEncodings = 0;
			knownRegions = (
				en,
			);
			mainGroup = BFB7E8991763059D00BCBCDE;
			productRefGroup = BFB7E8A31763059D00BCBCDE /* Products */;
			projectDirPath = "";
			projectRoot = "";
			targets = (
				BFB7E8A11763059D00BCBCDE /* ScratchWithError */,
			);
		};
/* End PBXProject section */

/* Begin PBXResourcesBuildPhase section */
		BFB7E8A01763059D00BCBCDE /* Resources */ = {
			isa = PBXResourcesBuildPhase;
			buildActionMask = 2147483647;
			files = (
				BFB7E8B01763059D00BCBCDE /* InfoPlist.strings in Resources */,
				BFB7E8B81763059D00BCBCDE /* Default.png in Resources */,
				BFB7E8BA1763059D00BCBCDE /* Default@2x.png in Resources */,
				BFB7E8BC1763059D00BCBCDE /* Default-568h@2x.png in Resources */,
				BFB7E8BF1763059D00BCBCDE /* MainStoryboard.storyboard in Resources */,
			);
			runOnlyForDeploymentPostprocessing = 0;
		};
/* End PBXResourcesBuildPhase section */

/* Begin PBXSourcesBuildPhase section */
		BFB7E89E1763059D00BCBCDE /* Sources */ = {
			isa = PBXSourcesBuildPhase;
			buildActionMask = 2147483647;
			files = (
				BFB7E8B21763059D00BCBCDE /* main.m in Sources */,
				BFB7E8B61763059D00BCBCDE /* AppDelegate.m in Sources */,
				BFB7E8C21763059D00BCBCDE /* ViewController.m in Sources */,
			);
			runOnlyForDeploymentPostprocessing = 0;
		};
/* End PBXSourcesBuildPhase section */

/* Begin PBXVariantGroup section */
		BFB7E8AE1763059D00BCBCDE /* InfoPlist.strings */ = {
			isa = PBXVariantGroup;
			children = (
				BFB7E8AF1763059D00BCBCDE /* en */,
			);
			name = InfoPlist.strings;
			sourceTree = "<group>";
		};
		BFB7E8BD1763059D00BCBCDE /* MainStoryboard.storyboard */ = {
			isa = PBXVariantGroup;
			children = (
				BFB7E8BE1763059D00BCBCDE /* en */,
			);
			name = MainStoryboard.storyboard;
			sourceTree = "<group>";
		};
/* End PBXVariantGroup section */

/* Begin XCBuildConfiguration section */
		BFB7E8C31763059D00BCBCDE /* Debug */ = {
			isa = XCBuildConfiguration;
			buildSettings = {
				ALWAYS_SEARCH_USER_PATHS = NO;
				CLANG_CXX_LANGUAGE_STANDARD = "gnu++0x";
				CLANG_CXX_LIBRARY = "libc++";
				CLANG_ENABLE_OBJC_ARC = YES;
				CLANG_WARN_CONSTANT_CONVERSION = YES;
				CLANG_WARN_EMPTY_BODY = YES;
				CLANG_WARN_ENUM_CONVERSION = YES;
				CLANG_WARN_INT_CONVERSION = YES;
				CLANG_WARN__DUPLICATE_METHOD_MATCH = YES;
				"CODE_SIGN_IDENTITY[sdk=iphoneos*]" = "iPhone Developer";
				COPY_PHASE_STRIP = NO;
				GCC_C_LANGUAGE_STANDARD = gnu99;
				GCC_DYNAMIC_NO_PIC = NO;
				GCC_OPTIMIZATION_LEVEL = 0;
				GCC_PREPROCESSOR_DEFINITIONS = (
					"DEBUG=1",
					"$(inherited)",
				);
				GCC_SYMBOLS_PRIVATE_EXTERN = NO;
				GCC_WARN_ABOUT_RETURN_TYPE = YES;
				GCC_WARN_UNINITIALIZED_AUTOS = YES;
				GCC_WARN_UNUSED_VARIABLE = YES;
				IPHONEOS_DEPLOYMENT_TARGET = 6.1;
				ONLY_ACTIVE_ARCH = YES;
				SDKROOT = iphoneos;
			};
			name = Debug;
		};
		BFB7E8C41763059D00BCBCDE /* Release */ = {
			isa = XCBuildConfiguration;
			buildSettings = {
				ALWAYS_SEARCH_USER_PATHS = NO;
				CLANG_CXX_LANGUAGE_STANDARD = "gnu++0x";
				CLANG_CXX_LIBRARY = "libc++";
				CLANG_ENABLE_OBJC_ARC = YES;
				CLANG_WARN_CONSTANT_CONVERSION = YES;
				CLANG_WARN_EMPTY_BODY = YES;
				CLANG_WARN_ENUM_CONVERSION = YES;
				CLANG_WARN_INT_CONVERSION = YES;
				CLANG_WARN__DUPLICATE_METHOD_MATCH = YES;
				"CODE_SIGN_IDENTITY[sdk=iphoneos*]" = "iPhone Developer";
				COPY_PHASE_STRIP = YES;
				GCC_C_LANGUAGE_STANDARD = gnu99;
				GCC_WARN_ABOUT_RETURN_TYPE = YES;
				GCC_WARN_UNINITIALIZED_AUTOS = YES;
				GCC_WARN_UNUSED_VARIABLE = YES;
				IPHONEOS_DEPLOYMENT_TARGET = 6.1;
				OTHER_CFLAGS = "-DNS_BLOCK_ASSERTIONS=1";
				SDKROOT = iphoneos;
				VALIDATE_PRODUCT = YES;
			};
			name = Release;
		};
		BFB7E8C61763059D00BCBCDE /* Debug */ = {
			isa = XCBuildConfiguration;
			buildSettings = {
				GCC_PRECOMPILE_PREFIX_HEADER = YES;
				GCC_PREFIX_HEADER = "ScratchWithError/ScratchWithError-Prefix.pch";
				INFOPLIST_FILE = "ScratchWithError/ScratchWithError-Info.plist";
				PRODUCT_NAME = "$(TARGET_NAME)";
				WRAPPER_EXTENSION = app;
			};
			name = Debug;
		};
		BFB7E8C71763059D00BCBCDE /* Release */ = {
			isa = XCBuildConfiguration;
			buildSettings = {
				GCC_PRECOMPILE_PREFIX_HEADER = YES;
				GCC_PREFIX_HEADER = "ScratchWithError/ScratchWithError-Prefix.pch";
				INFOPLIST_FILE = "ScratchWithError/ScratchWithError-Info.plist";
				PRODUCT_NAME = "$(TARGET_NAME)";
				WRAPPER_EXTENSION = app;
			};
			name = Release;
		};
/* End XCBuildConfiguration section */

/* Begin XCConfigurationList section */
		BFB7E89D1763059D00BCBCDE /* Build configuration list for PBXProject "ScratchWithError" */ = {
			isa = XCConfigurationList;
			buildConfigurations = (
				BFB7E8C31763059D00BCBCDE /* Debug */,
				BFB7E8C41763059D00BCBCDE /* Release */,
			);
			defaultConfigurationIsVisible = 0;
			defaultConfigurationName = Release;
		};
		BFB7E8C51763059D00BCBCDE /* Build configuration list for PBXNativeTarget "ScratchWithError" */ = {
			isa = XCConfigurationList;
			buildConfigurations = (
				BFB7E8C61763059D00BCBCDE /* Debug */,
				BFB7E8C71763059D00BCBCDE /* Release */,
			);
			defaultConfigurationIsVisible = 0;
		};
/* End XCConfigurationList section */
	};
	rootObject = BFB7E89A1763059D00BCBCDE /* Project object */;
}
